
Microsoft Visual Studio Solution File, Format Version 12.00
# Visual Studio Version 16
VisualStudioVersion = 16.0.31515.178
MinimumVisualStudioVersion = 10.0.40219.1
Project("{FAE04EC0-301F-11D3-BF4B-00C04F79EFBC}") = "MinMaxFromArray", "MinMaxFromArray\MinMaxFromArray.csproj", "{529DA2C2-05FF-4BBE-90E7-2388D47E565B}"
EndProject
Global
	GlobalSection(SolutionConfigurationPlatforms) = preSolution
		Debug|Any CPU = Debug|Any CPU
		Release|Any CPU = Release|Any CPU
	EndGlobalSection
	GlobalSection(ProjectConfigurationPlatforms) = postSolution
		{529DA2C2-05FF-4BBE-90E7-2388D47E565B}.Debug|Any CPU.ActiveCfg = Debug|Any CPU
		{529DA2C2-05FF-4BBE-90E7-2388D47E565B}.Debug|Any CPU.Build.0 = Debug|Any CPU
		{529DA2C2-05FF-4BBE-90E7-2388D47E565B}.Release|Any CPU.ActiveCfg = Release|Any CPU
		{529DA2C2-05FF-4BBE-90E7-2388D47E565B}.Release|Any CPU.Build.0 = Release|Any CPU
	EndGlobalSection
	GlobalSection(SolutionProperties) = preSolution
		HideSolutionNode = FALSE
	EndGlobalSection
	GlobalSection(ExtensibilityGlobals) = postSolution
		SolutionGuid = {A683684E-A948-4C09-913C-EE13467C8956}
	EndGlobalSection
EndGlobal
